// !$*UTF8*$!
{
	archiveVersion = 1;
	classes = {
	};
	objectVersion = 55;
	objects = {

/* Begin PBXBuildFile section */
		5F69F8F32837215900D593DB /* BackyardPage.swift in Sources */ = {isa = PBXBuildFile; fileRef = 5F69F8F22837215900D593DB /* BackyardPage.swift */; };
		5FFA54D72839485C006294A8 /* LaunchScreen.storyboard in Resources */ = {isa = PBXBuildFile; fileRef = 5FFA54D62839485C006294A8 /* LaunchScreen.storyboard */; };
		6606E3452834E5F00026AA3B /* HarmonyKidzApp.swift in Sources */ = {isa = PBXBuildFile; fileRef = 6606E3442834E5F00026AA3B /* HarmonyKidzApp.swift */; };
		6606E3472834E5F00026AA3B /* MainPageView.swift in Sources */ = {isa = PBXBuildFile; fileRef = 6606E3462834E5F00026AA3B /* MainPageView.swift */; };
		6606E3492834E5F00026AA3B /* Assets.xcassets in Resources */ = {isa = PBXBuildFile; fileRef = 6606E3482834E5F00026AA3B /* Assets.xcassets */; };
		6606E34C2834E5F00026AA3B /* Preview Assets.xcassets in Resources */ = {isa = PBXBuildFile; fileRef = 6606E34B2834E5F00026AA3B /* Preview Assets.xcassets */; };
		6606E3552834EA0B0026AA3B /* ClassroomPage.swift in Sources */ = {isa = PBXBuildFile; fileRef = 6606E3542834EA0B0026AA3B /* ClassroomPage.swift */; };
		6643C5BC283A4EFE0058AC4E /* bgm room.mp3 in Resources */ = {isa = PBXBuildFile; fileRef = 6643C5BB283A4EFE0058AC4E /* bgm room.mp3 */; };
		6683546C2837ECFB00C6333D /* Guitar.mp3 in Resources */ = {isa = PBXBuildFile; fileRef = 6683546B2837ECFB00C6333D /* Guitar.mp3 */; };
		668354702837EE9300C6333D /* Handsbell.mp3 in Resources */ = {isa = PBXBuildFile; fileRef = 6683546F2837EE9300C6333D /* Handsbell.mp3 */; };
		668354722837EE9C00C6333D /* Kalimba.mp3 in Resources */ = {isa = PBXBuildFile; fileRef = 668354712837EE9C00C6333D /* Kalimba.mp3 */; };
		668354742837EEB300C6333D /* Tambourine.mp3 in Resources */ = {isa = PBXBuildFile; fileRef = 668354732837EEB300C6333D /* Tambourine.mp3 */; };
		668354762837EEBB00C6333D /* Violin.mp3 in Resources */ = {isa = PBXBuildFile; fileRef = 668354752837EEBB00C6333D /* Violin.mp3 */; };
		668354782837F79600C6333D /* introsound.mp3 in Resources */ = {isa = PBXBuildFile; fileRef = 668354772837F79600C6333D /* introsound.mp3 */; };
		669BA0BF2836693100489D0E /* Drum.mp3 in Resources */ = {isa = PBXBuildFile; fileRef = 669BA0BE2836693100489D0E /* Drum.mp3 */; };
		669BA0C12836693B00489D0E /* Keyboard.mp3 in Resources */ = {isa = PBXBuildFile; fileRef = 669BA0C02836693B00489D0E /* Keyboard.mp3 */; };
		669BA0C32836694300489D0E /* Xylophone.mp3 in Resources */ = {isa = PBXBuildFile; fileRef = 669BA0C22836694300489D0E /* Xylophone.mp3 */; };
		66D9CBDC28395D79002E1143 /* Guitar Strum.mp3 in Resources */ = {isa = PBXBuildFile; fileRef = 66D9CBDB28395D79002E1143 /* Guitar Strum.mp3 */; };
/* End PBXBuildFile section */

/* Begin PBXFileReference section */
		5F69F8F22837215900D593DB /* BackyardPage.swift */ = {isa = PBXFileReference; lastKnownFileType = sourcecode.swift; path = BackyardPage.swift; sourceTree = "<group>"; };
		5FFA54D62839485C006294A8 /* LaunchScreen.storyboard */ = {isa = PBXFileReference; lastKnownFileType = file.storyboard; path = LaunchScreen.storyboard; sourceTree = "<group>"; };
		6606E3412834E5F00026AA3B /* HarmonySchool.app */ = {isa = PBXFileReference; explicitFileType = wrapper.application; includeInIndex = 0; path = HarmonySchool.app; sourceTree = BUILT_PRODUCTS_DIR; };
		6606E3442834E5F00026AA3B /* HarmonyKidzApp.swift */ = {isa = PBXFileReference; lastKnownFileType = sourcecode.swift; path = HarmonyKidzApp.swift; sourceTree = "<group>"; };
		6606E3462834E5F00026AA3B /* MainPageView.swift */ = {isa = PBXFileReference; lastKnownFileType = sourcecode.swift; path = MainPageView.swift; sourceTree = "<group>"; };
		6606E3482834E5F00026AA3B /* Assets.xcassets */ = {isa = PBXFileReference; lastKnownFileType = folder.assetcatalog; path = Assets.xcassets; sourceTree = "<group>"; };
		6606E34B2834E5F00026AA3B /* Preview Assets.xcassets */ = {isa = PBXFileReference; lastKnownFileType = folder.assetcatalog; path = "Preview Assets.xcassets"; sourceTree = "<group>"; };
		6606E3542834EA0B0026AA3B /* ClassroomPage.swift */ = {isa = PBXFileReference; lastKnownFileType = sourcecode.swift; path = ClassroomPage.swift; sourceTree = "<group>"; };
		6643C5BB283A4EFE0058AC4E /* bgm room.mp3 */ = {isa = PBXFileReference; lastKnownFileType = audio.mp3; path = "bgm room.mp3"; sourceTree = "<group>"; };
		6683546B2837ECFB00C6333D /* Guitar.mp3 */ = {isa = PBXFileReference; lastKnownFileType = audio.mp3; path = Guitar.mp3; sourceTree = "<group>"; };
		6683546F2837EE9300C6333D /* Handsbell.mp3 */ = {isa = PBXFileReference; lastKnownFileType = audio.mp3; path = Handsbell.mp3; sourceTree = "<group>"; };
		668354712837EE9C00C6333D /* Kalimba.mp3 */ = {isa = PBXFileReference; lastKnownFileType = audio.mp3; path = Kalimba.mp3; sourceTree = "<group>"; };
		668354732837EEB300C6333D /* Tambourine.mp3 */ = {isa = PBXFileReference; lastKnownFileType = audio.mp3; path = Tambourine.mp3; sourceTree = "<group>"; };
		668354752837EEBB00C6333D /* Violin.mp3 */ = {isa = PBXFileReference; lastKnownFileType = audio.mp3; path = Violin.mp3; sourceTree = "<group>"; };
		668354772837F79600C6333D /* introsound.mp3 */ = {isa = PBXFileReference; lastKnownFileType = audio.mp3; path = introsound.mp3; sourceTree = "<group>"; };
		669BA0BE2836693100489D0E /* Drum.mp3 */ = {isa = PBXFileReference; lastKnownFileType = audio.mp3; path = Drum.mp3; sourceTree = "<group>"; };
		669BA0C02836693B00489D0E /* Keyboard.mp3 */ = {isa = PBXFileReference; lastKnownFileType = audio.mp3; path = Keyboard.mp3; sourceTree = "<group>"; };
		669BA0C22836694300489D0E /* Xylophone.mp3 */ = {isa = PBXFileReference; lastKnownFileType = audio.mp3; path = Xylophone.mp3; sourceTree = "<group>"; };
		66D9CBDB28395D79002E1143 /* Guitar Strum.mp3 */ = {isa = PBXFileReference; lastKnownFileType = audio.mp3; path = "Guitar Strum.mp3"; sourceTree = "<group>"; };
/* End PBXFileReference section */

/* Begin PBXFrameworksBuildPhase section */
		6606E33E2834E5F00026AA3B /* Frameworks */ = {
			isa = PBXFrameworksBuildPhase;
			buildActionMask = 2147483647;
			files = (
			);
			runOnlyForDeploymentPostprocessing = 0;
		};
/* End PBXFrameworksBuildPhase section */

/* Begin PBXGroup section */
		6606E3382834E5EF0026AA3B = {
			isa = PBXGroup;
			children = (
				5FFA54D62839485C006294A8 /* LaunchScreen.storyboard */,
				6606E3432834E5F00026AA3B /* HarmonyKidz */,
				6606E3422834E5F00026AA3B /* Products */,
			);
			sourceTree = "<group>";
		};
		6606E3422834E5F00026AA3B /* Products */ = {
			isa = PBXGroup;
			children = (
				6606E3412834E5F00026AA3B /* HarmonySchool.app */,
			);
			name = Products;
			sourceTree = "<group>";
		};
		6606E3432834E5F00026AA3B /* HarmonyKidz */ = {
			isa = PBXGroup;
			children = (
				6606E3442834E5F00026AA3B /* HarmonyKidzApp.swift */,
				6606E3462834E5F00026AA3B /* MainPageView.swift */,
				6606E3542834EA0B0026AA3B /* ClassroomPage.swift */,
				5F69F8F22837215900D593DB /* BackyardPage.swift */,
				6606E3482834E5F00026AA3B /* Assets.xcassets */,
				6606E34A2834E5F00026AA3B /* Preview Content */,
			);
			path = HarmonyKidz;
			sourceTree = "<group>";
		};
		6606E34A2834E5F00026AA3B /* Preview Content */ = {
			isa = PBXGroup;
			children = (
				669BA0BE2836693100489D0E /* Drum.mp3 */,
				669BA0C22836694300489D0E /* Xylophone.mp3 */,
				669BA0C02836693B00489D0E /* Keyboard.mp3 */,
				6683546B2837ECFB00C6333D /* Guitar.mp3 */,
				6683546F2837EE9300C6333D /* Handsbell.mp3 */,
				668354712837EE9C00C6333D /* Kalimba.mp3 */,
				66D9CBDB28395D79002E1143 /* Guitar Strum.mp3 */,
				668354732837EEB300C6333D /* Tambourine.mp3 */,
				668354752837EEBB00C6333D /* Violin.mp3 */,
				668354772837F79600C6333D /* introsound.mp3 */,
				6643C5BB283A4EFE0058AC4E /* bgm room.mp3 */,
				6606E34B2834E5F00026AA3B /* Preview Assets.xcassets */,
			);
			path = "Preview Content";
			sourceTree = "<group>";
		};
/* End PBXGroup section */

/* Begin PBXNativeTarget section */
		6606E3402834E5F00026AA3B /* HarmonySchool */ = {
			isa = PBXNativeTarget;
			buildConfigurationList = 6606E34F2834E5F00026AA3B /* Build configuration list for PBXNativeTarget "HarmonySchool" */;
			buildPhases = (
				6606E33D2834E5F00026AA3B /* Sources */,
				6606E33E2834E5F00026AA3B /* Frameworks */,
				6606E33F2834E5F00026AA3B /* Resources */,
			);
			buildRules = (
			);
			dependencies = (
			);
			name = HarmonySchool;
			productName = HarmonyKidz;
			productReference = 6606E3412834E5F00026AA3B /* HarmonySchool.app */;
			productType = "com.apple.product-type.application";
		};
/* End PBXNativeTarget section */

/* Begin PBXProject section */
		6606E3392834E5EF0026AA3B /* Project object */ = {
			isa = PBXProject;
			attributes = {
				BuildIndependentTargetsInParallel = 1;
				LastSwiftUpdateCheck = 1330;
				LastUpgradeCheck = 1330;
				TargetAttributes = {
					6606E3402834E5F00026AA3B = {
						CreatedOnToolsVersion = 13.3.1;
					};
				};
			};
			buildConfigurationList = 6606E33C2834E5EF0026AA3B /* Build configuration list for PBXProject "HarmonySchool" */;
			compatibilityVersion = "Xcode 13.0";
			developmentRegion = en;
			hasScannedForEncodings = 0;
			knownRegions = (
				en,
				Base,
			);
			mainGroup = 6606E3382834E5EF0026AA3B;
			productRefGroup = 6606E3422834E5F00026AA3B /* Products */;
			projectDirPath = "";
			projectRoot = "";
			targets = (
				6606E3402834E5F00026AA3B /* HarmonySchool */,
			);
		};
/* End PBXProject section */

/* Begin PBXResourcesBuildPhase section */
		6606E33F2834E5F00026AA3B /* Resources */ = {
			isa = PBXResourcesBuildPhase;
			buildActionMask = 2147483647;
			files = (
				6606E34C2834E5F00026AA3B /* Preview Assets.xcassets in Resources */,
				6683546C2837ECFB00C6333D /* Guitar.mp3 in Resources */,
				668354762837EEBB00C6333D /* Violin.mp3 in Resources */,
				668354782837F79600C6333D /* introsound.mp3 in Resources */,
				6606E3492834E5F00026AA3B /* Assets.xcassets in Resources */,
				669BA0C32836694300489D0E /* Xylophone.mp3 in Resources */,
				6643C5BC283A4EFE0058AC4E /* bgm room.mp3 in Resources */,
				669BA0C12836693B00489D0E /* Keyboard.mp3 in Resources */,
				668354742837EEB300C6333D /* Tambourine.mp3 in Resources */,
				669BA0BF2836693100489D0E /* Drum.mp3 in Resources */,
				5FFA54D72839485C006294A8 /* LaunchScreen.storyboard in Resources */,
				668354702837EE9300C6333D /* Handsbell.mp3 in Resources */,
				668354722837EE9C00C6333D /* Kalimba.mp3 in Resources */,
				66D9CBDC28395D79002E1143 /* Guitar Strum.mp3 in Resources */,
			);
			runOnlyForDeploymentPostprocessing = 0;
		};
/* End PBXResourcesBuildPhase section */

/* Begin PBXSourcesBuildPhase section */
		6606E33D2834E5F00026AA3B /* Sources */ = {
			isa = PBXSourcesBuildPhase;
			buildActionMask = 2147483647;
			files = (
				6606E3552834EA0B0026AA3B /* ClassroomPage.swift in Sources */,
				6606E3472834E5F00026AA3B /* MainPageView.swift in Sources */,
				5F69F8F32837215900D593DB /* BackyardPage.swift in Sources */,
				6606E3452834E5F00026AA3B /* HarmonyKidzApp.swift in Sources */,
			);
			runOnlyForDeploymentPostprocessing = 0;
		};
/* End PBXSourcesBuildPhase section */

/* Begin XCBuildConfiguration section */
		6606E34D2834E5F00026AA3B /* Debug */ = {
			isa = XCBuildConfiguration;
			buildSettings = {
				ALWAYS_SEARCH_USER_PATHS = NO;
				CLANG_ANALYZER_NONNULL = YES;
				CLANG_ANALYZER_NUMBER_OBJECT_CONVERSION = YES_AGGRESSIVE;
				CLANG_CXX_LANGUAGE_STANDARD = "gnu++17";
				CLANG_ENABLE_MODULES = YES;
				CLANG_ENABLE_OBJC_ARC = YES;
				CLANG_ENABLE_OBJC_WEAK = YES;
				CLANG_WARN_BLOCK_CAPTURE_AUTORELEASING = YES;
				CLANG_WARN_BOOL_CONVERSION = YES;
				CLANG_WARN_COMMA = YES;
				CLANG_WARN_CONSTANT_CONVERSION = YES;
				CLANG_WARN_DEPRECATED_OBJC_IMPLEMENTATIONS = YES;
				CLANG_WARN_DIRECT_OBJC_ISA_USAGE = YES_ERROR;
				CLANG_WARN_DOCUMENTATION_COMMENTS = YES;
				CLANG_WARN_EMPTY_BODY = YES;
				CLANG_WARN_ENUM_CONVERSION = YES;
				CLANG_WARN_INFINITE_RECURSION = YES;
				CLANG_WARN_INT_CONVERSION = YES;
				CLANG_WARN_NON_LITERAL_NULL_CONVERSION = YES;
				CLANG_WARN_OBJC_IMPLICIT_RETAIN_SELF = YES;
				CLANG_WARN_OBJC_LITERAL_CONVERSION = YES;
				CLANG_WARN_OBJC_ROOT_CLASS = YES_ERROR;
				CLANG_WARN_QUOTED_INCLUDE_IN_FRAMEWORK_HEADER = YES;
				CLANG_WARN_RANGE_LOOP_ANALYSIS = YES;
				CLANG_WARN_STRICT_PROTOTYPES = YES;
				CLANG_WARN_SUSPICIOUS_MOVE = YES;
				CLANG_WARN_UNGUARDED_AVAILABILITY = YES_AGGRESSIVE;
				CLANG_WARN_UNREACHABLE_CODE = YES;
				CLANG_WARN__DUPLICATE_METHOD_MATCH = YES;
				COPY_PHASE_STRIP = NO;
				DEBUG_INFORMATION_FORMAT = dwarf;
				ENABLE_STRICT_OBJC_MSGSEND = YES;
				ENABLE_TESTABILITY = YES;
				GCC_C_LANGUAGE_STANDARD = gnu11;
				GCC_DYNAMIC_NO_PIC = NO;
				GCC_NO_COMMON_BLOCKS = YES;
				GCC_OPTIMIZATION_LEVEL = 0;
				GCC_PREPROCESSOR_DEFINITIONS = (
					"DEBUG=1",
					"$(inherited)",
				);
				GCC_WARN_64_TO_32_BIT_CONVERSION = YES;
				GCC_WARN_ABOUT_RETURN_TYPE = YES_ERROR;
				GCC_WARN_UNDECLARED_SELECTOR = YES;
				GCC_WARN_UNINITIALIZED_AUTOS = YES_AGGRESSIVE;
				GCC_WARN_UNUSED_FUNCTION = YES;
				GCC_WARN_UNUSED_VARIABLE = YES;
				IPHONEOS_DEPLOYMENT_TARGET = 15.4;
				MTL_ENABLE_DEBUG_INFO = INCLUDE_SOURCE;
				MTL_FAST_MATH = YES;
				ONLY_ACTIVE_ARCH = YES;
				SDKROOT = iphoneos;
				SWIFT_ACTIVE_COMPILATION_CONDITIONS = DEBUG;
				SWIFT_OPTIMIZATION_LEVEL = "-Onone";
			};
			name = Debug;
		};
		6606E34E2834E5F00026AA3B /* Release */ = {
			isa = XCBuildConfiguration;
			buildSettings = {
				ALWAYS_SEARCH_USER_PATHS = NO;
				CLANG_ANALYZER_NONNULL = YES;
				CLANG_ANALYZER_NUMBER_OBJECT_CONVERSION = YES_AGGRESSIVE;
				CLANG_CXX_LANGUAGE_STANDARD = "gnu++17";
				CLANG_ENABLE_MODULES = YES;
				CLANG_ENABLE_OBJC_ARC = YES;
				CLANG_ENABLE_OBJC_WEAK = YES;
				CLANG_WARN_BLOCK_CAPTURE_AUTORELEASING = YES;
				CLANG_WARN_BOOL_CONVERSION = YES;
				CLANG_WARN_COMMA = YES;
				CLANG_WARN_CONSTANT_CONVERSION = YES;
				CLANG_WARN_DEPRECATED_OBJC_IMPLEMENTATIONS = YES;
				CLANG_WARN_DIRECT_OBJC_ISA_USAGE = YES_ERROR;
				CLANG_WARN_DOCUMENTATION_COMMENTS = YES;
				CLANG_WARN_EMPTY_BODY = YES;
				CLANG_WARN_ENUM_CONVERSION = YES;
				CLANG_WARN_INFINITE_RECURSION = YES;
				CLANG_WARN_INT_CONVERSION = YES;
				CLANG_WARN_NON_LITERAL_NULL_CONVERSION = YES;
				CLANG_WARN_OBJC_IMPLICIT_RETAIN_SELF = YES;
				CLANG_WARN_OBJC_LITERAL_CONVERSION = YES;
				CLANG_WARN_OBJC_ROOT_CLASS = YES_ERROR;
				CLANG_WARN_QUOTED_INCLUDE_IN_FRAMEWORK_HEADER = YES;
				CLANG_WARN_RANGE_LOOP_ANALYSIS = YES;
				CLANG_WARN_STRICT_PROTOTYPES = YES;
				CLANG_WARN_SUSPICIOUS_MOVE = YES;
				CLANG_WARN_UNGUARDED_AVAILABILITY = YES_AGGRESSIVE;
				CLANG_WARN_UNREACHABLE_CODE = YES;
				CLANG_WARN__DUPLICATE_METHOD_MATCH = YES;
				COPY_PHASE_STRIP = NO;
				DEBUG_INFORMATION_FORMAT = "dwarf-with-dsym";
				ENABLE_NS_ASSERTIONS = NO;
				ENABLE_STRICT_OBJC_MSGSEND = YES;
				GCC_C_LANGUAGE_STANDARD = gnu11;
				GCC_NO_COMMON_BLOCKS = YES;
				GCC_WARN_64_TO_32_BIT_CONVERSION = YES;
				GCC_WARN_ABOUT_RETURN_TYPE = YES_ERROR;
				GCC_WARN_UNDECLARED_SELECTOR = YES;
				GCC_WARN_UNINITIALIZED_AUTOS = YES_AGGRESSIVE;
				GCC_WARN_UNUSED_FUNCTION = YES;
				GCC_WARN_UNUSED_VARIABLE = YES;
				IPHONEOS_DEPLOYMENT_TARGET = 15.4;
				MTL_ENABLE_DEBUG_INFO = NO;
				MTL_FAST_MATH = YES;
				SDKROOT = iphoneos;
				SWIFT_COMPILATION_MODE = wholemodule;
				SWIFT_OPTIMIZATION_LEVEL = "-O";
				VALIDATE_PRODUCT = YES;
			};
			name = Release;
		};
		6606E3502834E5F00026AA3B /* Debug */ = {
			isa = XCBuildConfiguration;
			buildSettings = {
				ASSETCATALOG_COMPILER_APPICON_NAME = AppIcon;
				ASSETCATALOG_COMPILER_GLOBAL_ACCENT_COLOR_NAME = AccentColor;
				CODE_SIGN_STYLE = Automatic;
				CURRENT_PROJECT_VERSION = 1;
				DEVELOPMENT_ASSET_PATHS = "\"HarmonyKidz/Preview Content\"";
				DEVELOPMENT_TEAM = 8FYVDX646G;
				ENABLE_PREVIEWS = YES;
				GENERATE_INFOPLIST_FILE = YES;
				INFOPLIST_KEY_UIApplicationSceneManifest_Generation = YES;
				INFOPLIST_KEY_UIApplicationSupportsIndirectInputEvents = YES;
				INFOPLIST_KEY_UILaunchScreen_Generation = YES;
				INFOPLIST_KEY_UILaunchStoryboardName = LaunchScreen;
				INFOPLIST_KEY_UISupportedInterfaceOrientations_iPad = "UIInterfaceOrientationLandscapeLeft UIInterfaceOrientationLandscapeRight";
				INFOPLIST_KEY_UISupportedInterfaceOrientations_iPhone = "UIInterfaceOrientationLandscapeLeft UIInterfaceOrientationLandscapeRight";
				LD_RUNPATH_SEARCH_PATHS = (
					"$(inherited)",
					"@executable_path/Frameworks",
				);
				MARKETING_VERSION = 1.0;
				PRODUCT_BUNDLE_IDENTIFIER = team16.HarmonyKidoz;
				PRODUCT_NAME = HarmonySchool;
				SWIFT_EMIT_LOC_STRINGS = YES;
				SWIFT_VERSION = 5.0;
				TARGETED_DEVICE_FAMILY = 2;
			};
			name = Debug;
		};
		6606E3512834E5F00026AA3B /* Release */ = {
			isa = XCBuildConfiguration;
			buildSettings = {
				ASSETCATALOG_COMPILER_APPICON_NAME = AppIcon;
				ASSETCATALOG_COMPILER_GLOBAL_ACCENT_COLOR_NAME = AccentColor;
				CODE_SIGN_STYLE = Automatic;
				CURRENT_PROJECT_VERSION = 1;
				DEVELOPMENT_ASSET_PATHS = "\"HarmonyKidz/Preview Content\"";
				DEVELOPMENT_TEAM = 8FYVDX646G;
				ENABLE_PREVIEWS = YES;
				GENERATE_INFOPLIST_FILE = YES;
				INFOPLIST_KEY_UIApplicationSceneManifest_Generation = YES;
				INFOPLIST_KEY_UIApplicationSupportsIndirectInputEvents = YES;
				INFOPLIST_KEY_UILaunchScreen_Generation = YES;
				INFOPLIST_KEY_UILaunchStoryboardName = LaunchScreen;
				INFOPLIST_KEY_UISupportedInterfaceOrientations_iPad = "UIInterfaceOrientationLandscapeLeft UIInterfaceOrientationLandscapeRight";
				INFOPLIST_KEY_UISupportedInterfaceOrientations_iPhone = "UIInterfaceOrientationLandscapeLeft UIInterfaceOrientationLandscapeRight";
				LD_RUNPATH_SEARCH_PATHS = (
					"$(inherited)",
					"@executable_path/Frameworks",
				);
				MARKETING_VERSION = 1.0;
				PRODUCT_BUNDLE_IDENTIFIER = team16.HarmonyKidoz;
				PRODUCT_NAME = HarmonySchool;
				SWIFT_EMIT_LOC_STRINGS = YES;
				SWIFT_VERSION = 5.0;
				TARGETED_DEVICE_FAMILY = 2;
			};
			name = Release;
		};
/* End XCBuildConfiguration section */

/* Begin XCConfigurationList section */
		6606E33C2834E5EF0026AA3B /* Build configuration list for PBXProject "HarmonySchool" */ = {
			isa = XCConfigurationList;
			buildConfigurations = (
				6606E34D2834E5F00026AA3B /* Debug */,
				6606E34E2834E5F00026AA3B /* Release */,
			);
			defaultConfigurationIsVisible = 0;
			defaultConfigurationName = Release;
		};
		6606E34F2834E5F00026AA3B /* Build configuration list for PBXNativeTarget "HarmonySchool" */ = {
			isa = XCConfigurationList;
			buildConfigurations = (
				6606E3502834E5F00026AA3B /* Debug */,
				6606E3512834E5F00026AA3B /* Release */,
			);
			defaultConfigurationIsVisible = 0;
			defaultConfigurationName = Release;
		};
/* End XCConfigurationList section */
	};
	rootObject = 6606E3392834E5EF0026AA3B /* Project object */;
}
